Microsoft Visual Studio Solution File, Format Version 11.00
# Visual Studio 2010
Project("{8BC9CEB8-8B4A-11D0-8D11-00A0C91BC942}") = "StatusbarEx", "StatusbarEx.vcxproj", "{E10FC983-0E61-C4EF-E08B-496166185A39}"
EndProject
Global
	GlobalSection(SolutionConfigurationPlatforms) = preSolution
		Debug|Win32 = Debug|Win32
		Release|Win32 = Release|Win32
	EndGlobalSection
	GlobalSection(ProjectConfigurationPlatforms) = postSolution
		{E10FC983-0E61-C4EF-E08B-496166185A39}.Debug|Win32.ActiveCfg = Debug|Win32
		{E10FC983-0E61-C4EF-E08B-496166185A39}.Release|Win32.ActiveCfg = Release|Win32
	EndGlobalSection
	GlobalSection(SolutionProperties) = preSolution
		HideSolutionNode = FALSE
	EndGlobalSection
EndGlobal
